<?xml version="1.0" encoding="utf-8"?>
<Project ToolsVersion="4.0" xmlns="http://schemas.microsoft.com/developer/msbuild/2003">
  <ItemGroup>
    <Filter Include="Source Files">
      <UniqueIdentifier>{4FC737F1-C7A5-4376-A066-2A32D752A2FF}</UniqueIdentifier>
      <Extensions>cpp;c;cc;cxx;def;odl;idl;hpj;bat;asm;asmx</Extensions>
    </Filter>
    <Filter Include="Header Files">
      <UniqueIdentifier>{93995380-89BD-4b04-88EB-625FBE52EBFB}</UniqueIdentifier>
      <Extensions>h;hh;hpp;hxx;hm;inl;inc;xsd</Extensions>
    </Filter>
  </ItemGroup>
  <ItemGroup>
    <ClCompile Include="program.c">
      <Filter>Source Files</Filter>
    </ClCompile>
    <ClCompile Include="transport_layer.c">
      <Filter>Source Files</Filter>
    </ClCompile>
    <ClCompile Include="osi.c">
      <Filter>Source Files</Filter>
    </ClCompile>
    <ClCompile Include="application_layer.c">
      <Filter>Source Files</Filter>
    </ClCompile>
    <ClCompile Include="network_layer.c">
      <Filter>Source Files</Filter>
    </ClCompile>
    <ClCompile Include="timer.c">
      <Filter>Source Files</Filter>
    </ClCompile>
    <ClCompile Include="transport_package.c">
      <Filter>Source Files</Filter>
    </ClCompile>
    <ClCompile Include="diagnostics.c">
      <Filter>Source Files</Filter>
    </ClCompile>
    <ClCompile Include="randomlib.c">
      <Filter>Source Files</Filter>
    </ClCompile>
  </ItemGroup>
  <ItemGroup>
    <ClInclude Include="transport_layer.h">
      <Filter>Header Files</Filter>
    </ClInclude>
    <ClInclude Include="application_layer.h">
      <Filter>Header Files</Filter>
    </ClInclude>
    <ClInclude Include="osi.h">
      <Filter>Header Files</Filter>
    </ClInclude>
    <ClInclude Include="transport_package.h">
      <Filter>Header Files</Filter>
    </ClInclude>
    <ClInclude Include="timer.h">
      <Filter>Header Files</Filter>
    </ClInclude>
    <ClInclude Include="osi_impl.h">
      <Filter>Header Files</Filter>
    </ClInclude>
    <ClInclude Include="application_layer_impl.h">
      <Filter>Header Files</Filter>
    </ClInclude>
    <ClInclude Include="network_layer_impl.h">
      <Filter>Header Files</Filter>
    </ClInclude>
    <ClInclude Include="diagnostics.h">
      <Filter>Header Files</Filter>
    </ClInclude>
    <ClInclude Include="transport_package_impl.h">
      <Filter>Header Files</Filter>
    </ClInclude>
    <ClInclude Include="mainpage.h">
      <Filter>Header Files</Filter>
    </ClInclude>
    <ClInclude Include="randomlib.h">
      <Filter>Header Files</Filter>
    </ClInclude>
  </ItemGroup>
  <ItemGroup>
    <None Include="network_layer.h">
      <Filter>Header Files</Filter>
    </None>
    <None Include="Doxyfile" />
    <None Include="Makefile" />
  </ItemGroup>
</Project>